// !$*UTF8*$!
{
	archiveVersion = 1;
	classes = {
	};
	objectVersion = 50;
	objects = {

/* Begin PBXBuildFile section */
		FB086A23209BD23B00D26A69 /* AppDelegate.swift in Sources */ = {isa = PBXBuildFile; fileRef = FB086A22209BD23B00D26A69 /* AppDelegate.swift */; };
		FB086A29209BD23B00D26A69 /* SimulationScene.swift in Sources */ = {isa = PBXBuildFile; fileRef = FB086A28209BD23B00D26A69 /* SimulationScene.swift */; };
		FB086A2B209BD23B00D26A69 /* SimulationViewController.swift in Sources */ = {isa = PBXBuildFile; fileRef = FB086A2A209BD23B00D26A69 /* SimulationViewController.swift */; };
		FB086A2E209BD23B00D26A69 /* Main.storyboard in Resources */ = {isa = PBXBuildFile; fileRef = FB086A2C209BD23B00D26A69 /* Main.storyboard */; };
		FB086A30209BD23C00D26A69 /* Assets.xcassets in Resources */ = {isa = PBXBuildFile; fileRef = FB086A2F209BD23C00D26A69 /* Assets.xcassets */; };
		FB086A33209BD23C00D26A69 /* LaunchScreen.storyboard in Resources */ = {isa = PBXBuildFile; fileRef = FB086A31209BD23C00D26A69 /* LaunchScreen.storyboard */; };
		FB086A3D209BE77000D26A69 /* DNAProtocol.swift in Sources */ = {isa = PBXBuildFile; fileRef = FB086A3C209BE77000D26A69 /* DNAProtocol.swift */; };
		FB086A3F209BE87200D26A69 /* IndividualProtocol.swift in Sources */ = {isa = PBXBuildFile; fileRef = FB086A3E209BE87200D26A69 /* IndividualProtocol.swift */; };
		FB086A41209BEA0100D26A69 /* PopulationProtocol.swift in Sources */ = {isa = PBXBuildFile; fileRef = FB086A40209BEA0100D26A69 /* PopulationProtocol.swift */; };
		FB086A43209BEB6D00D26A69 /* DNA.swift in Sources */ = {isa = PBXBuildFile; fileRef = FB086A42209BEB6D00D26A69 /* DNA.swift */; };
		FB086A45209BF31900D26A69 /* Rocket.swift in Sources */ = {isa = PBXBuildFile; fileRef = FB086A44209BF31900D26A69 /* Rocket.swift */; };
		FB086A47209BF41500D26A69 /* Population.swift in Sources */ = {isa = PBXBuildFile; fileRef = FB086A46209BF41500D26A69 /* Population.swift */; };
		FB086A49209BF84400D26A69 /* Helper.swift in Sources */ = {isa = PBXBuildFile; fileRef = FB086A48209BF84400D26A69 /* Helper.swift */; };
		FB086A4E209BF9A400D26A69 /* BarrierNode.swift in Sources */ = {isa = PBXBuildFile; fileRef = FB086A4D209BF9A400D26A69 /* BarrierNode.swift */; };
		FB086A50209BFD8800D26A69 /* TargetNode.swift in Sources */ = {isa = PBXBuildFile; fileRef = FB086A4F209BFD8800D26A69 /* TargetNode.swift */; };
		FB086A52209BFF9800D26A69 /* RocketNode.swift in Sources */ = {isa = PBXBuildFile; fileRef = FB086A51209BFF9800D26A69 /* RocketNode.swift */; };
		FB086A54209C84A700D26A69 /* SimulationScene.sks in Resources */ = {isa = PBXBuildFile; fileRef = FB086A53209C84A700D26A69 /* SimulationScene.sks */; };
		FBED38F420A0B9F7009CDF41 /* DrawingView.swift in Sources */ = {isa = PBXBuildFile; fileRef = FBED38F320A0B9F7009CDF41 /* DrawingView.swift */; };
/* End PBXBuildFile section */

/* Begin PBXFileReference section */
		FB086A1F209BD23B00D26A69 /* EvolutionalRockets.app */ = {isa = PBXFileReference; explicitFileType = wrapper.application; includeInIndex = 0; path = EvolutionalRockets.app; sourceTree = BUILT_PRODUCTS_DIR; };
		FB086A22209BD23B00D26A69 /* AppDelegate.swift */ = {isa = PBXFileReference; lastKnownFileType = sourcecode.swift; path = AppDelegate.swift; sourceTree = "<group>"; };
		FB086A28209BD23B00D26A69 /* SimulationScene.swift */ = {isa = PBXFileReference; lastKnownFileType = sourcecode.swift; path = SimulationScene.swift; sourceTree = "<group>"; };
		FB086A2A209BD23B00D26A69 /* SimulationViewController.swift */ = {isa = PBXFileReference; lastKnownFileType = sourcecode.swift; path = SimulationViewController.swift; sourceTree = "<group>"; };
		FB086A2D209BD23B00D26A69 /* Base */ = {isa = PBXFileReference; lastKnownFileType = file.storyboard; name = Base; path = Base.lproj/Main.storyboard; sourceTree = "<group>"; };
		FB086A2F209BD23C00D26A69 /* Assets.xcassets */ = {isa = PBXFileReference; lastKnownFileType = folder.assetcatalog; path = Assets.xcassets; sourceTree = "<group>"; };
		FB086A32209BD23C00D26A69 /* Base */ = {isa = PBXFileReference; lastKnownFileType = file.storyboard; name = Base; path = Base.lproj/LaunchScreen.storyboard; sourceTree = "<group>"; };
		FB086A34209BD23C00D26A69 /* Info.plist */ = {isa = PBXFileReference; lastKnownFileType = text.plist.xml; path = Info.plist; sourceTree = "<group>"; };
		FB086A3C209BE77000D26A69 /* DNAProtocol.swift */ = {isa = PBXFileReference; lastKnownFileType = sourcecode.swift; path = DNAProtocol.swift; sourceTree = "<group>"; };
		FB086A3E209BE87200D26A69 /* IndividualProtocol.swift */ = {isa = PBXFileReference; lastKnownFileType = sourcecode.swift; path = IndividualProtocol.swift; sourceTree = "<group>"; };
		FB086A40209BEA0100D26A69 /* PopulationProtocol.swift */ = {isa = PBXFileReference; lastKnownFileType = sourcecode.swift; path = PopulationProtocol.swift; sourceTree = "<group>"; };
		FB086A42209BEB6D00D26A69 /* DNA.swift */ = {isa = PBXFileReference; lastKnownFileType = sourcecode.swift; path = DNA.swift; sourceTree = "<group>"; };
		FB086A44209BF31900D26A69 /* Rocket.swift */ = {isa = PBXFileReference; lastKnownFileType = sourcecode.swift; path = Rocket.swift; sourceTree = "<group>"; };
		FB086A46209BF41500D26A69 /* Population.swift */ = {isa = PBXFileReference; lastKnownFileType = sourcecode.swift; path = Population.swift; sourceTree = "<group>"; };
		FB086A48209BF84400D26A69 /* Helper.swift */ = {isa = PBXFileReference; lastKnownFileType = sourcecode.swift; path = Helper.swift; sourceTree = "<group>"; };
		FB086A4D209BF9A400D26A69 /* BarrierNode.swift */ = {isa = PBXFileReference; lastKnownFileType = sourcecode.swift; path = BarrierNode.swift; sourceTree = "<group>"; };
		FB086A4F209BFD8800D26A69 /* TargetNode.swift */ = {isa = PBXFileReference; lastKnownFileType = sourcecode.swift; path = TargetNode.swift; sourceTree = "<group>"; };
		FB086A51209BFF9800D26A69 /* RocketNode.swift */ = {isa = PBXFileReference; lastKnownFileType = sourcecode.swift; path = RocketNode.swift; sourceTree = "<group>"; };
		FB086A53209C84A700D26A69 /* SimulationScene.sks */ = {isa = PBXFileReference; lastKnownFileType = file.sks; path = SimulationScene.sks; sourceTree = "<group>"; };
		FBED38F320A0B9F7009CDF41 /* DrawingView.swift */ = {isa = PBXFileReference; lastKnownFileType = sourcecode.swift; path = DrawingView.swift; sourceTree = "<group>"; };
/* End PBXFileReference section */

/* Begin PBXFrameworksBuildPhase section */
		FB086A1C209BD23B00D26A69 /* Frameworks */ = {
			isa = PBXFrameworksBuildPhase;
			buildActionMask = 2147483647;
			files = (
			);
			runOnlyForDeploymentPostprocessing = 0;
		};
/* End PBXFrameworksBuildPhase section */

/* Begin PBXGroup section */
		FB086A16209BD23B00D26A69 = {
			isa = PBXGroup;
			children = (
				FB086A21209BD23B00D26A69 /* EvolutionalRockets */,
				FB086A20209BD23B00D26A69 /* Products */,
			);
			sourceTree = "<group>";
		};
		FB086A20209BD23B00D26A69 /* Products */ = {
			isa = PBXGroup;
			children = (
				FB086A1F209BD23B00D26A69 /* EvolutionalRockets.app */,
			);
			name = Products;
			sourceTree = "<group>";
		};
		FB086A21209BD23B00D26A69 /* EvolutionalRockets */ = {
			isa = PBXGroup;
			children = (
				FB9D971B20B5D564007ECD96 /* Simulation Managers */,
				FB086A4A209BF92E00D26A69 /* Nodes */,
				FB086A3B209BE75B00D26A69 /* Models */,
				FB086A3A209BE75100D26A69 /* Protocols */,
				FB086A48209BF84400D26A69 /* Helper.swift */,
				FB086A53209C84A700D26A69 /* SimulationScene.sks */,
				FB086A2F209BD23C00D26A69 /* Assets.xcassets */,
				FB086A2C209BD23B00D26A69 /* Main.storyboard */,
				FB086A31209BD23C00D26A69 /* LaunchScreen.storyboard */,
				FB086A22209BD23B00D26A69 /* AppDelegate.swift */,
				FB086A2A209BD23B00D26A69 /* SimulationViewController.swift */,
				FBED38F320A0B9F7009CDF41 /* DrawingView.swift */,
				FB086A34209BD23C00D26A69 /* Info.plist */,
			);
			path = EvolutionalRockets;
			sourceTree = "<group>";
		};
		FB086A3A209BE75100D26A69 /* Protocols */ = {
			isa = PBXGroup;
			children = (
				FB086A3C209BE77000D26A69 /* DNAProtocol.swift */,
				FB086A3E209BE87200D26A69 /* IndividualProtocol.swift */,
				FB086A40209BEA0100D26A69 /* PopulationProtocol.swift */,
			);
			path = Protocols;
			sourceTree = "<group>";
		};
		FB086A3B209BE75B00D26A69 /* Models */ = {
			isa = PBXGroup;
			children = (
				FB086A42209BEB6D00D26A69 /* DNA.swift */,
				FB086A44209BF31900D26A69 /* Rocket.swift */,
			);
			path = Models;
			sourceTree = "<group>";
		};
		FB086A4A209BF92E00D26A69 /* Nodes */ = {
			isa = PBXGroup;
			children = (
				FB086A4D209BF9A400D26A69 /* BarrierNode.swift */,
				FB086A4F209BFD8800D26A69 /* TargetNode.swift */,
				FB086A51209BFF9800D26A69 /* RocketNode.swift */,
			);
			path = Nodes;
			sourceTree = "<group>";
		};
		FB9D971B20B5D564007ECD96 /* Simulation Managers */ = {
			isa = PBXGroup;
			children = (
				FB086A28209BD23B00D26A69 /* SimulationScene.swift */,
				FB086A46209BF41500D26A69 /* Population.swift */,
			);
			path = "Simulation Managers";
			sourceTree = "<group>";
		};
/* End PBXGroup section */

/* Begin PBXNativeTarget section */
		FB086A1E209BD23B00D26A69 /* EvolutionalRockets */ = {
			isa = PBXNativeTarget;
			buildConfigurationList = FB086A37209BD23C00D26A69 /* Build configuration list for PBXNativeTarget "EvolutionalRockets" */;
			buildPhases = (
				FB086A1B209BD23B00D26A69 /* Sources */,
				FB086A1C209BD23B00D26A69 /* Frameworks */,
				FB086A1D209BD23B00D26A69 /* Resources */,
			);
			buildRules = (
			);
			dependencies = (
			);
			name = EvolutionalRockets;
			productName = EvolutionalRockets;
			productReference = FB086A1F209BD23B00D26A69 /* EvolutionalRockets.app */;
			productType = "com.apple.product-type.application";
		};
/* End PBXNativeTarget section */

/* Begin PBXProject section */
		FB086A17209BD23B00D26A69 /* Project object */ = {
			isa = PBXProject;
			attributes = {
				LastSwiftUpdateCheck = 0930;
				LastUpgradeCheck = 0930;
				TargetAttributes = {
					FB086A1E209BD23B00D26A69 = {
						CreatedOnToolsVersion = 9.3;
					};
				};
			};
			buildConfigurationList = FB086A1A209BD23B00D26A69 /* Build configuration list for PBXProject "EvolutionalRockets" */;
			compatibilityVersion = "Xcode 9.3";
			developmentRegion = en;
			hasScannedForEncodings = 0;
			knownRegions = (
				en,
				Base,
			);
			mainGroup = FB086A16209BD23B00D26A69;
			productRefGroup = FB086A20209BD23B00D26A69 /* Products */;
			projectDirPath = "";
			projectRoot = "";
			targets = (
				FB086A1E209BD23B00D26A69 /* EvolutionalRockets */,
			);
		};
/* End PBXProject section */

/* Begin PBXResourcesBuildPhase section */
		FB086A1D209BD23B00D26A69 /* Resources */ = {
			isa = PBXResourcesBuildPhase;
			buildActionMask = 2147483647;
			files = (
				FB086A2E209BD23B00D26A69 /* Main.storyboard in Resources */,
				FB086A54209C84A700D26A69 /* SimulationScene.sks in Resources */,
				FB086A30209BD23C00D26A69 /* Assets.xcassets in Resources */,
				FB086A33209BD23C00D26A69 /* LaunchScreen.storyboard in Resources */,
			);
			runOnlyForDeploymentPostprocessing = 0;
		};
/* End PBXResourcesBuildPhase section */

/* Begin PBXSourcesBuildPhase section */
		FB086A1B209BD23B00D26A69 /* Sources */ = {
			isa = PBXSourcesBuildPhase;
			buildActionMask = 2147483647;
			files = (
				FB086A47209BF41500D26A69 /* Population.swift in Sources */,
				FB086A29209BD23B00D26A69 /* SimulationScene.swift in Sources */,
				FB086A3F209BE87200D26A69 /* IndividualProtocol.swift in Sources */,
				FB086A4E209BF9A400D26A69 /* BarrierNode.swift in Sources */,
				FB086A50209BFD8800D26A69 /* TargetNode.swift in Sources */,
				FB086A3D209BE77000D26A69 /* DNAProtocol.swift in Sources */,
				FB086A43209BEB6D00D26A69 /* DNA.swift in Sources */,
				FBED38F420A0B9F7009CDF41 /* DrawingView.swift in Sources */,
				FB086A52209BFF9800D26A69 /* RocketNode.swift in Sources */,
				FB086A2B209BD23B00D26A69 /* SimulationViewController.swift in Sources */,
				FB086A41209BEA0100D26A69 /* PopulationProtocol.swift in Sources */,
				FB086A49209BF84400D26A69 /* Helper.swift in Sources */,
				FB086A23209BD23B00D26A69 /* AppDelegate.swift in Sources */,
				FB086A45209BF31900D26A69 /* Rocket.swift in Sources */,
			);
			runOnlyForDeploymentPostprocessing = 0;
		};
/* End PBXSourcesBuildPhase section */

/* Begin PBXVariantGroup section */
		FB086A2C209BD23B00D26A69 /* Main.storyboard */ = {
			isa = PBXVariantGroup;
			children = (
				FB086A2D209BD23B00D26A69 /* Base */,
			);
			name = Main.storyboard;
			sourceTree = "<group>";
		};
		FB086A31209BD23C00D26A69 /* LaunchScreen.storyboard */ = {
			isa = PBXVariantGroup;
			children = (
				FB086A32209BD23C00D26A69 /* Base */,
			);
			name = LaunchScreen.storyboard;
			sourceTree = "<group>";
		};
/* End PBXVariantGroup section */

/* Begin XCBuildConfiguration section */
		FB086A35209BD23C00D26A69 /* Debug */ = {
			isa = XCBuildConfiguration;
			buildSettings = {
				ALWAYS_SEARCH_USER_PATHS = NO;
				CLANG_ANALYZER_NONNULL = YES;
				CLANG_ANALYZER_NUMBER_OBJECT_CONVERSION = YES_AGGRESSIVE;
				CLANG_CXX_LANGUAGE_STANDARD = "gnu++14";
				CLANG_CXX_LIBRARY = "libc++";
				CLANG_ENABLE_MODULES = YES;
				CLANG_ENABLE_OBJC_ARC = YES;
				CLANG_ENABLE_OBJC_WEAK = YES;
				CLANG_WARN_BLOCK_CAPTURE_AUTORELEASING = YES;
				CLANG_WARN_BOOL_CONVERSION = YES;
				CLANG_WARN_COMMA = YES;
				CLANG_WARN_CONSTANT_CONVERSION = YES;
				CLANG_WARN_DEPRECATED_OBJC_IMPLEMENTATIONS = YES;
				CLANG_WARN_DIRECT_OBJC_ISA_USAGE = YES_ERROR;
				CLANG_WARN_DOCUMENTATION_COMMENTS = YES;
				CLANG_WARN_EMPTY_BODY = YES;
				CLANG_WARN_ENUM_CONVERSION = YES;
				CLANG_WARN_INFINITE_RECURSION = YES;
				CLANG_WARN_INT_CONVERSION = YES;
				CLANG_WARN_NON_LITERAL_NULL_CONVERSION = YES;
				CLANG_WARN_OBJC_IMPLICIT_RETAIN_SELF = YES;
				CLANG_WARN_OBJC_LITERAL_CONVERSION = YES;
				CLANG_WARN_OBJC_ROOT_CLASS = YES_ERROR;
				CLANG_WARN_RANGE_LOOP_ANALYSIS = YES;
				CLANG_WARN_STRICT_PROTOTYPES = YES;
				CLANG_WARN_SUSPICIOUS_MOVE = YES;
				CLANG_WARN_UNGUARDED_AVAILABILITY = YES_AGGRESSIVE;
				CLANG_WARN_UNREACHABLE_CODE = YES;
				CLANG_WARN__DUPLICATE_METHOD_MATCH = YES;
				CODE_SIGN_IDENTITY = "iPhone Developer";
				COPY_PHASE_STRIP = NO;
				DEBUG_INFORMATION_FORMAT = dwarf;
				ENABLE_STRICT_OBJC_MSGSEND = YES;
				ENABLE_TESTABILITY = YES;
				GCC_C_LANGUAGE_STANDARD = gnu11;
				GCC_DYNAMIC_NO_PIC = NO;
				GCC_NO_COMMON_BLOCKS = YES;
				GCC_OPTIMIZATION_LEVEL = 0;
				GCC_PREPROCESSOR_DEFINITIONS = (
					"DEBUG=1",
					"$(inherited)",
				);
				GCC_WARN_64_TO_32_BIT_CONVERSION = YES;
				GCC_WARN_ABOUT_RETURN_TYPE = YES_ERROR;
				GCC_WARN_UNDECLARED_SELECTOR = YES;
				GCC_WARN_UNINITIALIZED_AUTOS = YES_AGGRESSIVE;
				GCC_WARN_UNUSED_FUNCTION = YES;
				GCC_WARN_UNUSED_VARIABLE = YES;
				IPHONEOS_DEPLOYMENT_TARGET = 11.3;
				MTL_ENABLE_DEBUG_INFO = YES;
				ONLY_ACTIVE_ARCH = YES;
				SDKROOT = iphoneos;
				SWIFT_ACTIVE_COMPILATION_CONDITIONS = DEBUG;
				SWIFT_OPTIMIZATION_LEVEL = "-Onone";
			};
			name = Debug;
		};
		FB086A36209BD23C00D26A69 /* Release */ = {
			isa = XCBuildConfiguration;
			buildSettings = {
				ALWAYS_SEARCH_USER_PATHS = NO;
				CLANG_ANALYZER_NONNULL = YES;
				CLANG_ANALYZER_NUMBER_OBJECT_CONVERSION = YES_AGGRESSIVE;
				CLANG_CXX_LANGUAGE_STANDARD = "gnu++14";
				CLANG_CXX_LIBRARY = "libc++";
				CLANG_ENABLE_MODULES = YES;
				CLANG_ENABLE_OBJC_ARC = YES;
				CLANG_ENABLE_OBJC_WEAK = YES;
				CLANG_WARN_BLOCK_CAPTURE_AUTORELEASING = YES;
				CLANG_WARN_BOOL_CONVERSION = YES;
				CLANG_WARN_COMMA = YES;
				CLANG_WARN_CONSTANT_CONVERSION = YES;
				CLANG_WARN_DEPRECATED_OBJC_IMPLEMENTATIONS = YES;
				CLANG_WARN_DIRECT_OBJC_ISA_USAGE = YES_ERROR;
				CLANG_WARN_DOCUMENTATION_COMMENTS = YES;
				CLANG_WARN_EMPTY_BODY = YES;
				CLANG_WARN_ENUM_CONVERSION = YES;
				CLANG_WARN_INFINITE_RECURSION = YES;
				CLANG_WARN_INT_CONVERSION = YES;
				CLANG_WARN_NON_LITERAL_NULL_CONVERSION = YES;
				CLANG_WARN_OBJC_IMPLICIT_RETAIN_SELF = YES;
				CLANG_WARN_OBJC_LITERAL_CONVERSION = YES;
				CLANG_WARN_OBJC_ROOT_CLASS = YES_ERROR;
				CLANG_WARN_RANGE_LOOP_ANALYSIS = YES;
				CLANG_WARN_STRICT_PROTOTYPES = YES;
				CLANG_WARN_SUSPICIOUS_MOVE = YES;
				CLANG_WARN_UNGUARDED_AVAILABILITY = YES_AGGRESSIVE;
				CLANG_WARN_UNREACHABLE_CODE = YES;
				CLANG_WARN__DUPLICATE_METHOD_MATCH = YES;
				CODE_SIGN_IDENTITY = "iPhone Developer";
				COPY_PHASE_STRIP = NO;
				DEBUG_INFORMATION_FORMAT = "dwarf-with-dsym";
				ENABLE_NS_ASSERTIONS = NO;
				ENABLE_STRICT_OBJC_MSGSEND = YES;
				GCC_C_LANGUAGE_STANDARD = gnu11;
				GCC_NO_COMMON_BLOCKS = YES;
				GCC_WARN_64_TO_32_BIT_CONVERSION = YES;
				GCC_WARN_ABOUT_RETURN_TYPE = YES_ERROR;
				GCC_WARN_UNDECLARED_SELECTOR = YES;
				GCC_WARN_UNINITIALIZED_AUTOS = YES_AGGRESSIVE;
				GCC_WARN_UNUSED_FUNCTION = YES;
				GCC_WARN_UNUSED_VARIABLE = YES;
				IPHONEOS_DEPLOYMENT_TARGET = 11.3;
				MTL_ENABLE_DEBUG_INFO = NO;
				SDKROOT = iphoneos;
				SWIFT_COMPILATION_MODE = wholemodule;
				SWIFT_OPTIMIZATION_LEVEL = "-O";
				VALIDATE_PRODUCT = YES;
			};
			name = Release;
		};
		FB086A38209BD23C00D26A69 /* Debug */ = {
			isa = XCBuildConfiguration;
			buildSettings = {
				ASSETCATALOG_COMPILER_APPICON_NAME = AppIcon;
				CODE_SIGN_STYLE = Automatic;
				DEVELOPMENT_TEAM = FLT93SF9JM;
				INFOPLIST_FILE = EvolutionalRockets/Info.plist;
				LD_RUNPATH_SEARCH_PATHS = (
					"$(inherited)",
					"@executable_path/Frameworks",
				);
				PRODUCT_BUNDLE_IDENTIFIER = com.ViniciusBonemer.EvolutionalRockets;
				PRODUCT_NAME = "$(TARGET_NAME)";
				SWIFT_VERSION = 4.0;
				TARGETED_DEVICE_FAMILY = "1,2";
			};
			name = Debug;
		};
		FB086A39209BD23C00D26A69 /* Release */ = {
			isa = XCBuildConfiguration;
			buildSettings = {
				ASSETCATALOG_COMPILER_APPICON_NAME = AppIcon;
				CODE_SIGN_STYLE = Automatic;
				DEVELOPMENT_TEAM = FLT93SF9JM;
				INFOPLIST_FILE = EvolutionalRockets/Info.plist;
				LD_RUNPATH_SEARCH_PATHS = (
					"$(inherited)",
					"@executable_path/Frameworks",
				);
				PRODUCT_BUNDLE_IDENTIFIER = com.ViniciusBonemer.EvolutionalRockets;
				PRODUCT_NAME = "$(TARGET_NAME)";
				SWIFT_VERSION = 4.0;
				TARGETED_DEVICE_FAMILY = "1,2";
			};
			name = Release;
		};
/* End XCBuildConfiguration section */

/* Begin XCConfigurationList section */
		FB086A1A209BD23B00D26A69 /* Build configuration list for PBXProject "EvolutionalRockets" */ = {
			isa = XCConfigurationList;
			buildConfigurations = (
				FB086A35209BD23C00D26A69 /* Debug */,
				FB086A36209BD23C00D26A69 /* Release */,
			);
			defaultConfigurationIsVisible = 0;
			defaultConfigurationName = Release;
		};
		FB086A37209BD23C00D26A69 /* Build configuration list for PBXNativeTarget "EvolutionalRockets" */ = {
			isa = XCConfigurationList;
			buildConfigurations = (
				FB086A38209BD23C00D26A69 /* Debug */,
				FB086A39209BD23C00D26A69 /* Release */,
			);
			defaultConfigurationIsVisible = 0;
			defaultConfigurationName = Release;
		};
/* End XCConfigurationList section */
	};
	rootObject = FB086A17209BD23B00D26A69 /* Project object */;
}
